
Microsoft Visual Studio Solution File, Format Version 12.00
# Visual Studio Version 17
VisualStudioVersion = 17.6.33723.286
MinimumVisualStudioVersion = 10.0.40219.1
Project("{9A19103F-16F7-4668-BE54-9A1E7A4F7556}") = "V18_0_tia2ax", "src\tia2ax\V18_0\V18_0_tia2ax.csproj", "{E0FA7C6F-5A26-4FB1-9F1F-D53ECEB9CB62}"
EndProject
Project("{2150E333-8FDC-42A3-9474-1A3956D46DE8}") = "src", "src", "{B6DE5B3E-1E94-4825-859A-752BA1CF2295}"
EndProject
Project("{2150E333-8FDC-42A3-9474-1A3956D46DE8}") = "tests", "tests", "{4DAFC1C8-8C9D-4C09-B287-3AA671AB9D15}"
EndProject
Project("{9A19103F-16F7-4668-BE54-9A1E7A4F7556}") = "tia2axTestHelper", "tests\V18\tia2axTestHelper\tia2axTestHelper.csproj", "{7BBCC800-65E6-4907-B016-9752FF8D9960}"
EndProject
Project("{9A19103F-16F7-4668-BE54-9A1E7A4F7556}") = "tia2axIntegrationTests", "tests\V18\tia2axIntegrationTests\tia2axIntegrationTests.csproj", "{B5A9991C-2932-4133-8951-C98ABC7BFAC3}"
EndProject
Project("{9A19103F-16F7-4668-BE54-9A1E7A4F7556}") = "tia2axtool", "src\tia2axtool\tia2axtool.csproj", "{670187E5-1C07-4C45-9C53-CD3D7E4697DF}"
EndProject
Project("{2150E333-8FDC-42A3-9474-1A3956D46DE8}") = "V18", "V18", "{A0DD1604-AD67-4B7F-BA94-98799467D5A6}"
EndProject
Project("{2150E333-8FDC-42A3-9474-1A3956D46DE8}") = "V19", "V19", "{1B3A009B-FCDB-48F5-81D0-B52DFED6A959}"
EndProject
Project("{9A19103F-16F7-4668-BE54-9A1E7A4F7556}") = "V19_0_tia2ax", "src\tia2ax\V19_0\V19_0_tia2ax.csproj", "{82F9AB9F-D36E-4AE3-A3E0-58904F2E1D11}"
EndProject
Project("{2150E333-8FDC-42A3-9474-1A3956D46DE8}") = "V18", "V18", "{0C4EA1CB-04DE-4929-AD2C-225B97D098ED}"
EndProject
Project("{2150E333-8FDC-42A3-9474-1A3956D46DE8}") = "V19", "V19", "{90F5B654-985B-44C0-B4F0-8DFC0F3E7B2F}"
EndProject
Project("{9A19103F-16F7-4668-BE54-9A1E7A4F7556}") = "tia2axIntegrationTests", "tests\V19\tia2axIntegrationTests\tia2axIntegrationTests.csproj", "{55D57336-7FFC-46B9-BEB0-8A8424508A8B}"
EndProject
Project("{9A19103F-16F7-4668-BE54-9A1E7A4F7556}") = "tia2axTestHelper", "tests\V19\tia2axTestHelper\tia2axTestHelper.csproj", "{017B226F-57E8-44C0-912B-C7BDFFAA6999}"
EndProject
Global
	GlobalSection(SolutionConfigurationPlatforms) = preSolution
		Debug|Any CPU = Debug|Any CPU
		Release|Any CPU = Release|Any CPU
	EndGlobalSection
	GlobalSection(ProjectConfigurationPlatforms) = postSolution
		{E0FA7C6F-5A26-4FB1-9F1F-D53ECEB9CB62}.Debug|Any CPU.ActiveCfg = Debug|Any CPU
		{E0FA7C6F-5A26-4FB1-9F1F-D53ECEB9CB62}.Debug|Any CPU.Build.0 = Debug|Any CPU
		{E0FA7C6F-5A26-4FB1-9F1F-D53ECEB9CB62}.Release|Any CPU.ActiveCfg = Release|Any CPU
		{E0FA7C6F-5A26-4FB1-9F1F-D53ECEB9CB62}.Release|Any CPU.Build.0 = Release|Any CPU
		{7BBCC800-65E6-4907-B016-9752FF8D9960}.Debug|Any CPU.ActiveCfg = Debug|Any CPU
		{7BBCC800-65E6-4907-B016-9752FF8D9960}.Debug|Any CPU.Build.0 = Debug|Any CPU
		{7BBCC800-65E6-4907-B016-9752FF8D9960}.Release|Any CPU.ActiveCfg = Release|Any CPU
		{7BBCC800-65E6-4907-B016-9752FF8D9960}.Release|Any CPU.Build.0 = Release|Any CPU
		{B5A9991C-2932-4133-8951-C98ABC7BFAC3}.Debug|Any CPU.ActiveCfg = Debug|Any CPU
		{B5A9991C-2932-4133-8951-C98ABC7BFAC3}.Debug|Any CPU.Build.0 = Debug|Any CPU
		{B5A9991C-2932-4133-8951-C98ABC7BFAC3}.Release|Any CPU.ActiveCfg = Release|Any CPU
		{B5A9991C-2932-4133-8951-C98ABC7BFAC3}.Release|Any CPU.Build.0 = Release|Any CPU
		{670187E5-1C07-4C45-9C53-CD3D7E4697DF}.Debug|Any CPU.ActiveCfg = Debug|Any CPU
		{670187E5-1C07-4C45-9C53-CD3D7E4697DF}.Debug|Any CPU.Build.0 = Debug|Any CPU
		{670187E5-1C07-4C45-9C53-CD3D7E4697DF}.Release|Any CPU.ActiveCfg = Release|Any CPU
		{670187E5-1C07-4C45-9C53-CD3D7E4697DF}.Release|Any CPU.Build.0 = Release|Any CPU
		{82F9AB9F-D36E-4AE3-A3E0-58904F2E1D11}.Debug|Any CPU.ActiveCfg = Debug|Any CPU
		{82F9AB9F-D36E-4AE3-A3E0-58904F2E1D11}.Debug|Any CPU.Build.0 = Debug|Any CPU
		{82F9AB9F-D36E-4AE3-A3E0-58904F2E1D11}.Release|Any CPU.ActiveCfg = Release|Any CPU
		{82F9AB9F-D36E-4AE3-A3E0-58904F2E1D11}.Release|Any CPU.Build.0 = Release|Any CPU
		{55D57336-7FFC-46B9-BEB0-8A8424508A8B}.Debug|Any CPU.ActiveCfg = Debug|Any CPU
		{55D57336-7FFC-46B9-BEB0-8A8424508A8B}.Debug|Any CPU.Build.0 = Debug|Any CPU
		{55D57336-7FFC-46B9-BEB0-8A8424508A8B}.Release|Any CPU.ActiveCfg = Release|Any CPU
		{55D57336-7FFC-46B9-BEB0-8A8424508A8B}.Release|Any CPU.Build.0 = Release|Any CPU
		{017B226F-57E8-44C0-912B-C7BDFFAA6999}.Debug|Any CPU.ActiveCfg = Debug|Any CPU
		{017B226F-57E8-44C0-912B-C7BDFFAA6999}.Debug|Any CPU.Build.0 = Debug|Any CPU
		{017B226F-57E8-44C0-912B-C7BDFFAA6999}.Release|Any CPU.ActiveCfg = Release|Any CPU
		{017B226F-57E8-44C0-912B-C7BDFFAA6999}.Release|Any CPU.Build.0 = Release|Any CPU
	EndGlobalSection
	GlobalSection(SolutionProperties) = preSolution
		HideSolutionNode = FALSE
	EndGlobalSection
	GlobalSection(NestedProjects) = preSolution
		{E0FA7C6F-5A26-4FB1-9F1F-D53ECEB9CB62} = {A0DD1604-AD67-4B7F-BA94-98799467D5A6}
		{7BBCC800-65E6-4907-B016-9752FF8D9960} = {0C4EA1CB-04DE-4929-AD2C-225B97D098ED}
		{B5A9991C-2932-4133-8951-C98ABC7BFAC3} = {0C4EA1CB-04DE-4929-AD2C-225B97D098ED}
		{670187E5-1C07-4C45-9C53-CD3D7E4697DF} = {B6DE5B3E-1E94-4825-859A-752BA1CF2295}
		{A0DD1604-AD67-4B7F-BA94-98799467D5A6} = {B6DE5B3E-1E94-4825-859A-752BA1CF2295}
		{1B3A009B-FCDB-48F5-81D0-B52DFED6A959} = {B6DE5B3E-1E94-4825-859A-752BA1CF2295}
		{82F9AB9F-D36E-4AE3-A3E0-58904F2E1D11} = {1B3A009B-FCDB-48F5-81D0-B52DFED6A959}
		{0C4EA1CB-04DE-4929-AD2C-225B97D098ED} = {4DAFC1C8-8C9D-4C09-B287-3AA671AB9D15}
		{90F5B654-985B-44C0-B4F0-8DFC0F3E7B2F} = {4DAFC1C8-8C9D-4C09-B287-3AA671AB9D15}
		{55D57336-7FFC-46B9-BEB0-8A8424508A8B} = {90F5B654-985B-44C0-B4F0-8DFC0F3E7B2F}
		{017B226F-57E8-44C0-912B-C7BDFFAA6999} = {90F5B654-985B-44C0-B4F0-8DFC0F3E7B2F}
	EndGlobalSection
	GlobalSection(ExtensibilityGlobals) = postSolution
		SolutionGuid = {BFE61C61-D703-4343-B099-70039C12462B}
	EndGlobalSection
EndGlobal
